// !$*UTF8*$!
{
	archiveVersion = 1;
	classes = {
	};
	objectVersion = 55;
	objects = {

/* Begin PBXBuildFile section */
		21145E06277AF537009342C5 /* KingsCupApp.swift in Sources */ = {isa = PBXBuildFile; fileRef = 21145DF6277AF535009342C5 /* KingsCupApp.swift */; };
		21145E07277AF537009342C5 /* KingsCupApp.swift in Sources */ = {isa = PBXBuildFile; fileRef = 21145DF6277AF535009342C5 /* KingsCupApp.swift */; };
		21145E08277AF537009342C5 /* ContentView.swift in Sources */ = {isa = PBXBuildFile; fileRef = 21145DF7277AF535009342C5 /* ContentView.swift */; };
		21145E09277AF537009342C5 /* ContentView.swift in Sources */ = {isa = PBXBuildFile; fileRef = 21145DF7277AF535009342C5 /* ContentView.swift */; };
		21145E0A277AF537009342C5 /* Assets.xcassets in Resources */ = {isa = PBXBuildFile; fileRef = 21145DF8277AF537009342C5 /* Assets.xcassets */; };
		21145E0B277AF537009342C5 /* Assets.xcassets in Resources */ = {isa = PBXBuildFile; fileRef = 21145DF8277AF537009342C5 /* Assets.xcassets */; };
		21145E16277AF5FF009342C5 /* Card.swift in Sources */ = {isa = PBXBuildFile; fileRef = 21145E15277AF5FF009342C5 /* Card.swift */; };
		21145E18277AF76A009342C5 /* Deck.swift in Sources */ = {isa = PBXBuildFile; fileRef = 21145E17277AF76A009342C5 /* Deck.swift */; };
		21145E1B277AFFD6009342C5 /* Color+Extension.swift in Sources */ = {isa = PBXBuildFile; fileRef = 21145E1A277AFFD6009342C5 /* Color+Extension.swift */; };
		21145E1D277B01A4009342C5 /* Player.swift in Sources */ = {isa = PBXBuildFile; fileRef = 21145E1C277B01A4009342C5 /* Player.swift */; };
		21145E1F277B0909009342C5 /* KingsCupGame.swift in Sources */ = {isa = PBXBuildFile; fileRef = 21145E1E277B0909009342C5 /* KingsCupGame.swift */; };
		21145E23277B0F1D009342C5 /* KingsCupViewModel.swift in Sources */ = {isa = PBXBuildFile; fileRef = 21145E22277B0F1D009342C5 /* KingsCupViewModel.swift */; };
		21145E25277C2EF5009342C5 /* CardView.swift in Sources */ = {isa = PBXBuildFile; fileRef = 21145E24277C2EF5009342C5 /* CardView.swift */; };
		21145E27277C2F4D009342C5 /* PlayersListView.swift in Sources */ = {isa = PBXBuildFile; fileRef = 21145E26277C2F4D009342C5 /* PlayersListView.swift */; };
		21145E29277C434C009342C5 /* Array+Extension.swift in Sources */ = {isa = PBXBuildFile; fileRef = 21145E28277C434C009342C5 /* Array+Extension.swift */; };
/* End PBXBuildFile section */

/* Begin PBXFileReference section */
		21145DF6277AF535009342C5 /* KingsCupApp.swift */ = {isa = PBXFileReference; lastKnownFileType = sourcecode.swift; path = KingsCupApp.swift; sourceTree = "<group>"; };
		21145DF7277AF535009342C5 /* ContentView.swift */ = {isa = PBXFileReference; lastKnownFileType = sourcecode.swift; path = ContentView.swift; sourceTree = "<group>"; };
		21145DF8277AF537009342C5 /* Assets.xcassets */ = {isa = PBXFileReference; lastKnownFileType = folder.assetcatalog; path = Assets.xcassets; sourceTree = "<group>"; };
		21145DFD277AF537009342C5 /* KingsCup.app */ = {isa = PBXFileReference; explicitFileType = wrapper.application; includeInIndex = 0; path = KingsCup.app; sourceTree = BUILT_PRODUCTS_DIR; };
		21145E03277AF537009342C5 /* KingsCup.app */ = {isa = PBXFileReference; explicitFileType = wrapper.application; includeInIndex = 0; path = KingsCup.app; sourceTree = BUILT_PRODUCTS_DIR; };
		21145E05277AF537009342C5 /* macOS.entitlements */ = {isa = PBXFileReference; lastKnownFileType = text.plist.entitlements; path = macOS.entitlements; sourceTree = "<group>"; };
		21145E15277AF5FF009342C5 /* Card.swift */ = {isa = PBXFileReference; lastKnownFileType = sourcecode.swift; path = Card.swift; sourceTree = "<group>"; };
		21145E17277AF76A009342C5 /* Deck.swift */ = {isa = PBXFileReference; lastKnownFileType = sourcecode.swift; path = Deck.swift; sourceTree = "<group>"; };
		21145E1A277AFFD6009342C5 /* Color+Extension.swift */ = {isa = PBXFileReference; lastKnownFileType = sourcecode.swift; path = "Color+Extension.swift"; sourceTree = "<group>"; };
		21145E1C277B01A4009342C5 /* Player.swift */ = {isa = PBXFileReference; lastKnownFileType = sourcecode.swift; path = Player.swift; sourceTree = "<group>"; };
		21145E1E277B0909009342C5 /* KingsCupGame.swift */ = {isa = PBXFileReference; lastKnownFileType = sourcecode.swift; path = KingsCupGame.swift; sourceTree = "<group>"; };
		21145E22277B0F1D009342C5 /* KingsCupViewModel.swift */ = {isa = PBXFileReference; lastKnownFileType = sourcecode.swift; path = KingsCupViewModel.swift; sourceTree = "<group>"; };
		21145E24277C2EF5009342C5 /* CardView.swift */ = {isa = PBXFileReference; lastKnownFileType = sourcecode.swift; path = CardView.swift; sourceTree = "<group>"; };
		21145E26277C2F4D009342C5 /* PlayersListView.swift */ = {isa = PBXFileReference; lastKnownFileType = sourcecode.swift; path = PlayersListView.swift; sourceTree = "<group>"; };
		21145E28277C434C009342C5 /* Array+Extension.swift */ = {isa = PBXFileReference; lastKnownFileType = sourcecode.swift; path = "Array+Extension.swift"; sourceTree = "<group>"; };
/* End PBXFileReference section */

/* Begin PBXFrameworksBuildPhase section */
		21145DFA277AF537009342C5 /* Frameworks */ = {
			isa = PBXFrameworksBuildPhase;
			buildActionMask = 2147483647;
			files = (
			);
			runOnlyForDeploymentPostprocessing = 0;
		};
		21145E00277AF537009342C5 /* Frameworks */ = {
			isa = PBXFrameworksBuildPhase;
			buildActionMask = 2147483647;
			files = (
			);
			runOnlyForDeploymentPostprocessing = 0;
		};
/* End PBXFrameworksBuildPhase section */

/* Begin PBXGroup section */
		21145DF0277AF534009342C5 = {
			isa = PBXGroup;
			children = (
				21145DF5277AF535009342C5 /* Shared */,
				21145E04277AF537009342C5 /* macOS */,
				21145DFE277AF537009342C5 /* Products */,
			);
			sourceTree = "<group>";
		};
		21145DF5277AF535009342C5 /* Shared */ = {
			isa = PBXGroup;
			children = (
				21145E2A277C45B7009342C5 /* View */,
				21145E21277B0F06009342C5 /* ViewModel */,
				21145E19277AFFAA009342C5 /* Extensions */,
				21145E14277AF5E6009342C5 /* Model */,
				21145DF6277AF535009342C5 /* KingsCupApp.swift */,
				21145DF8277AF537009342C5 /* Assets.xcassets */,
			);
			path = Shared;
			sourceTree = "<group>";
		};
		21145DFE277AF537009342C5 /* Products */ = {
			isa = PBXGroup;
			children = (
				21145DFD277AF537009342C5 /* KingsCup.app */,
				21145E03277AF537009342C5 /* KingsCup.app */,
			);
			name = Products;
			sourceTree = "<group>";
		};
		21145E04277AF537009342C5 /* macOS */ = {
			isa = PBXGroup;
			children = (
				21145E05277AF537009342C5 /* macOS.entitlements */,
			);
			path = macOS;
			sourceTree = "<group>";
		};
		21145E14277AF5E6009342C5 /* Model */ = {
			isa = PBXGroup;
			children = (
				21145E15277AF5FF009342C5 /* Card.swift */,
				21145E17277AF76A009342C5 /* Deck.swift */,
				21145E1C277B01A4009342C5 /* Player.swift */,
				21145E1E277B0909009342C5 /* KingsCupGame.swift */,
			);
			path = Model;
			sourceTree = "<group>";
		};
		21145E19277AFFAA009342C5 /* Extensions */ = {
			isa = PBXGroup;
			children = (
				21145E1A277AFFD6009342C5 /* Color+Extension.swift */,
				21145E28277C434C009342C5 /* Array+Extension.swift */,
			);
			path = Extensions;
			sourceTree = "<group>";
		};
		21145E21277B0F06009342C5 /* ViewModel */ = {
			isa = PBXGroup;
			children = (
				21145E22277B0F1D009342C5 /* KingsCupViewModel.swift */,
			);
			path = ViewModel;
			sourceTree = "<group>";
		};
		21145E2A277C45B7009342C5 /* View */ = {
			isa = PBXGroup;
			children = (
				21145DF7277AF535009342C5 /* ContentView.swift */,
				21145E24277C2EF5009342C5 /* CardView.swift */,
				21145E26277C2F4D009342C5 /* PlayersListView.swift */,
			);
			path = View;
			sourceTree = "<group>";
		};
/* End PBXGroup section */

/* Begin PBXNativeTarget section */
		21145DFC277AF537009342C5 /* KingsCup (iOS) */ = {
			isa = PBXNativeTarget;
			buildConfigurationList = 21145E0E277AF537009342C5 /* Build configuration list for PBXNativeTarget "KingsCup (iOS)" */;
			buildPhases = (
				21145DF9277AF537009342C5 /* Sources */,
				21145DFA277AF537009342C5 /* Frameworks */,
				21145DFB277AF537009342C5 /* Resources */,
			);
			buildRules = (
			);
			dependencies = (
			);
			name = "KingsCup (iOS)";
			productName = "KingsCup (iOS)";
			productReference = 21145DFD277AF537009342C5 /* KingsCup.app */;
			productType = "com.apple.product-type.application";
		};
		21145E02277AF537009342C5 /* KingsCup (macOS) */ = {
			isa = PBXNativeTarget;
			buildConfigurationList = 21145E11277AF537009342C5 /* Build configuration list for PBXNativeTarget "KingsCup (macOS)" */;
			buildPhases = (
				21145DFF277AF537009342C5 /* Sources */,
				21145E00277AF537009342C5 /* Frameworks */,
				21145E01277AF537009342C5 /* Resources */,
			);
			buildRules = (
			);
			dependencies = (
			);
			name = "KingsCup (macOS)";
			productName = "KingsCup (macOS)";
			productReference = 21145E03277AF537009342C5 /* KingsCup.app */;
			productType = "com.apple.product-type.application";
		};
/* End PBXNativeTarget section */

/* Begin PBXProject section */
		21145DF1277AF534009342C5 /* Project object */ = {
			isa = PBXProject;
			attributes = {
				BuildIndependentTargetsInParallel = 1;
				LastSwiftUpdateCheck = 1310;
				LastUpgradeCheck = 1310;
				TargetAttributes = {
					21145DFC277AF537009342C5 = {
						CreatedOnToolsVersion = 13.1;
					};
					21145E02277AF537009342C5 = {
						CreatedOnToolsVersion = 13.1;
					};
				};
			};
			buildConfigurationList = 21145DF4277AF534009342C5 /* Build configuration list for PBXProject "KingsCup" */;
			compatibilityVersion = "Xcode 13.0";
			developmentRegion = en;
			hasScannedForEncodings = 0;
			knownRegions = (
				en,
				Base,
			);
			mainGroup = 21145DF0277AF534009342C5;
			productRefGroup = 21145DFE277AF537009342C5 /* Products */;
			projectDirPath = "";
			projectRoot = "";
			targets = (
				21145DFC277AF537009342C5 /* KingsCup (iOS) */,
				21145E02277AF537009342C5 /* KingsCup (macOS) */,
			);
		};
/* End PBXProject section */

/* Begin PBXResourcesBuildPhase section */
		21145DFB277AF537009342C5 /* Resources */ = {
			isa = PBXResourcesBuildPhase;
			buildActionMask = 2147483647;
			files = (
				21145E0A277AF537009342C5 /* Assets.xcassets in Resources */,
			);
			runOnlyForDeploymentPostprocessing = 0;
		};
		21145E01277AF537009342C5 /* Resources */ = {
			isa = PBXResourcesBuildPhase;
			buildActionMask = 2147483647;
			files = (
				21145E0B277AF537009342C5 /* Assets.xcassets in Resources */,
			);
			runOnlyForDeploymentPostprocessing = 0;
		};
/* End PBXResourcesBuildPhase section */

/* Begin PBXSourcesBuildPhase section */
		21145DF9277AF537009342C5 /* Sources */ = {
			isa = PBXSourcesBuildPhase;
			buildActionMask = 2147483647;
			files = (
				21145E18277AF76A009342C5 /* Deck.swift in Sources */,
				21145E25277C2EF5009342C5 /* CardView.swift in Sources */,
				21145E1B277AFFD6009342C5 /* Color+Extension.swift in Sources */,
				21145E29277C434C009342C5 /* Array+Extension.swift in Sources */,
				21145E23277B0F1D009342C5 /* KingsCupViewModel.swift in Sources */,
				21145E08277AF537009342C5 /* ContentView.swift in Sources */,
				21145E27277C2F4D009342C5 /* PlayersListView.swift in Sources */,
				21145E16277AF5FF009342C5 /* Card.swift in Sources */,
				21145E1F277B0909009342C5 /* KingsCupGame.swift in Sources */,
				21145E1D277B01A4009342C5 /* Player.swift in Sources */,
				21145E06277AF537009342C5 /* KingsCupApp.swift in Sources */,
			);
			runOnlyForDeploymentPostprocessing = 0;
		};
		21145DFF277AF537009342C5 /* Sources */ = {
			isa = PBXSourcesBuildPhase;
			buildActionMask = 2147483647;
			files = (
				21145E09277AF537009342C5 /* ContentView.swift in Sources */,
				21145E07277AF537009342C5 /* KingsCupApp.swift in Sources */,
			);
			runOnlyForDeploymentPostprocessing = 0;
		};
/* End PBXSourcesBuildPhase section */

/* Begin XCBuildConfiguration section */
		21145E0C277AF537009342C5 /* Debug */ = {
			isa = XCBuildConfiguration;
			buildSettings = {
				ALWAYS_SEARCH_USER_PATHS = NO;
				CLANG_ANALYZER_NONNULL = YES;
				CLANG_ANALYZER_NUMBER_OBJECT_CONVERSION = YES_AGGRESSIVE;
				CLANG_CXX_LANGUAGE_STANDARD = "gnu++17";
				CLANG_CXX_LIBRARY = "libc++";
				CLANG_ENABLE_MODULES = YES;
				CLANG_ENABLE_OBJC_ARC = YES;
				CLANG_ENABLE_OBJC_WEAK = YES;
				CLANG_WARN_BLOCK_CAPTURE_AUTORELEASING = YES;
				CLANG_WARN_BOOL_CONVERSION = YES;
				CLANG_WARN_COMMA = YES;
				CLANG_WARN_CONSTANT_CONVERSION = YES;
				CLANG_WARN_DEPRECATED_OBJC_IMPLEMENTATIONS = YES;
				CLANG_WARN_DIRECT_OBJC_ISA_USAGE = YES_ERROR;
				CLANG_WARN_DOCUMENTATION_COMMENTS = YES;
				CLANG_WARN_EMPTY_BODY = YES;
				CLANG_WARN_ENUM_CONVERSION = YES;
				CLANG_WARN_INFINITE_RECURSION = YES;
				CLANG_WARN_INT_CONVERSION = YES;
				CLANG_WARN_NON_LITERAL_NULL_CONVERSION = YES;
				CLANG_WARN_OBJC_IMPLICIT_RETAIN_SELF = YES;
				CLANG_WARN_OBJC_LITERAL_CONVERSION = YES;
				CLANG_WARN_OBJC_ROOT_CLASS = YES_ERROR;
				CLANG_WARN_QUOTED_INCLUDE_IN_FRAMEWORK_HEADER = YES;
				CLANG_WARN_RANGE_LOOP_ANALYSIS = YES;
				CLANG_WARN_STRICT_PROTOTYPES = YES;
				CLANG_WARN_SUSPICIOUS_MOVE = YES;
				CLANG_WARN_UNGUARDED_AVAILABILITY = YES_AGGRESSIVE;
				CLANG_WARN_UNREACHABLE_CODE = YES;
				CLANG_WARN__DUPLICATE_METHOD_MATCH = YES;
				COPY_PHASE_STRIP = NO;
				DEBUG_INFORMATION_FORMAT = dwarf;
				ENABLE_STRICT_OBJC_MSGSEND = YES;
				ENABLE_TESTABILITY = YES;
				GCC_C_LANGUAGE_STANDARD = gnu11;
				GCC_DYNAMIC_NO_PIC = NO;
				GCC_NO_COMMON_BLOCKS = YES;
				GCC_OPTIMIZATION_LEVEL = 0;
				GCC_PREPROCESSOR_DEFINITIONS = (
					"DEBUG=1",
					"$(inherited)",
				);
				GCC_WARN_64_TO_32_BIT_CONVERSION = YES;
				GCC_WARN_ABOUT_RETURN_TYPE = YES_ERROR;
				GCC_WARN_UNDECLARED_SELECTOR = YES;
				GCC_WARN_UNINITIALIZED_AUTOS = YES_AGGRESSIVE;
				GCC_WARN_UNUSED_FUNCTION = YES;
				GCC_WARN_UNUSED_VARIABLE = YES;
				MTL_ENABLE_DEBUG_INFO = INCLUDE_SOURCE;
				MTL_FAST_MATH = YES;
				ONLY_ACTIVE_ARCH = YES;
				SWIFT_ACTIVE_COMPILATION_CONDITIONS = DEBUG;
				SWIFT_OPTIMIZATION_LEVEL = "-Onone";
			};
			name = Debug;
		};
		21145E0D277AF537009342C5 /* Release */ = {
			isa = XCBuildConfiguration;
			buildSettings = {
				ALWAYS_SEARCH_USER_PATHS = NO;
				CLANG_ANALYZER_NONNULL = YES;
				CLANG_ANALYZER_NUMBER_OBJECT_CONVERSION = YES_AGGRESSIVE;
				CLANG_CXX_LANGUAGE_STANDARD = "gnu++17";
				CLANG_CXX_LIBRARY = "libc++";
				CLANG_ENABLE_MODULES = YES;
				CLANG_ENABLE_OBJC_ARC = YES;
				CLANG_ENABLE_OBJC_WEAK = YES;
				CLANG_WARN_BLOCK_CAPTURE_AUTORELEASING = YES;
				CLANG_WARN_BOOL_CONVERSION = YES;
				CLANG_WARN_COMMA = YES;
				CLANG_WARN_CONSTANT_CONVERSION = YES;
				CLANG_WARN_DEPRECATED_OBJC_IMPLEMENTATIONS = YES;
				CLANG_WARN_DIRECT_OBJC_ISA_USAGE = YES_ERROR;
				CLANG_WARN_DOCUMENTATION_COMMENTS = YES;
				CLANG_WARN_EMPTY_BODY = YES;
				CLANG_WARN_ENUM_CONVERSION = YES;
				CLANG_WARN_INFINITE_RECURSION = YES;
				CLANG_WARN_INT_CONVERSION = YES;
				CLANG_WARN_NON_LITERAL_NULL_CONVERSION = YES;
				CLANG_WARN_OBJC_IMPLICIT_RETAIN_SELF = YES;
				CLANG_WARN_OBJC_LITERAL_CONVERSION = YES;
				CLANG_WARN_OBJC_ROOT_CLASS = YES_ERROR;
				CLANG_WARN_QUOTED_INCLUDE_IN_FRAMEWORK_HEADER = YES;
				CLANG_WARN_RANGE_LOOP_ANALYSIS = YES;
				CLANG_WARN_STRICT_PROTOTYPES = YES;
				CLANG_WARN_SUSPICIOUS_MOVE = YES;
				CLANG_WARN_UNGUARDED_AVAILABILITY = YES_AGGRESSIVE;
				CLANG_WARN_UNREACHABLE_CODE = YES;
				CLANG_WARN__DUPLICATE_METHOD_MATCH = YES;
				COPY_PHASE_STRIP = NO;
				DEBUG_INFORMATION_FORMAT = "dwarf-with-dsym";
				ENABLE_NS_ASSERTIONS = NO;
				ENABLE_STRICT_OBJC_MSGSEND = YES;
				GCC_C_LANGUAGE_STANDARD = gnu11;
				GCC_NO_COMMON_BLOCKS = YES;
				GCC_WARN_64_TO_32_BIT_CONVERSION = YES;
				GCC_WARN_ABOUT_RETURN_TYPE = YES_ERROR;
				GCC_WARN_UNDECLARED_SELECTOR = YES;
				GCC_WARN_UNINITIALIZED_AUTOS = YES_AGGRESSIVE;
				GCC_WARN_UNUSED_FUNCTION = YES;
				GCC_WARN_UNUSED_VARIABLE = YES;
				MTL_ENABLE_DEBUG_INFO = NO;
				MTL_FAST_MATH = YES;
				SWIFT_COMPILATION_MODE = wholemodule;
				SWIFT_OPTIMIZATION_LEVEL = "-O";
			};
			name = Release;
		};
		21145E0F277AF537009342C5 /* Debug */ = {
			isa = XCBuildConfiguration;
			buildSettings = {
				ASSETCATALOG_COMPILER_APPICON_NAME = AppIcon;
				ASSETCATALOG_COMPILER_GLOBAL_ACCENT_COLOR_NAME = AccentColor;
				CODE_SIGN_STYLE = Automatic;
				CURRENT_PROJECT_VERSION = 1;
				DEVELOPMENT_TEAM = 6GGYHL3USS;
				ENABLE_PREVIEWS = YES;
				GENERATE_INFOPLIST_FILE = YES;
				INFOPLIST_KEY_UIApplicationSceneManifest_Generation = YES;
				INFOPLIST_KEY_UIApplicationSupportsIndirectInputEvents = YES;
				INFOPLIST_KEY_UILaunchScreen_Generation = YES;
				INFOPLIST_KEY_UISupportedInterfaceOrientations_iPad = "UIInterfaceOrientationPortrait UIInterfaceOrientationPortraitUpsideDown UIInterfaceOrientationLandscapeLeft UIInterfaceOrientationLandscapeRight";
				INFOPLIST_KEY_UISupportedInterfaceOrientations_iPhone = "UIInterfaceOrientationPortrait UIInterfaceOrientationLandscapeLeft UIInterfaceOrientationLandscapeRight";
				IPHONEOS_DEPLOYMENT_TARGET = 15.0;
				LD_RUNPATH_SEARCH_PATHS = (
					"$(inherited)",
					"@executable_path/Frameworks",
				);
				MARKETING_VERSION = 1.0;
				PRODUCT_BUNDLE_IDENTIFIER = SherryXu.KingsCup;
				PRODUCT_NAME = KingsCup;
				SDKROOT = iphoneos;
				SWIFT_EMIT_LOC_STRINGS = YES;
				SWIFT_VERSION = 5.0;
				TARGETED_DEVICE_FAMILY = "1,2";
			};
			name = Debug;
		};
		21145E10277AF537009342C5 /* Release */ = {
			isa = XCBuildConfiguration;
			buildSettings = {
				ASSETCATALOG_COMPILER_APPICON_NAME = AppIcon;
				ASSETCATALOG_COMPILER_GLOBAL_ACCENT_COLOR_NAME = AccentColor;
				CODE_SIGN_STYLE = Automatic;
				CURRENT_PROJECT_VERSION = 1;
				DEVELOPMENT_TEAM = 6GGYHL3USS;
				ENABLE_PREVIEWS = YES;
				GENERATE_INFOPLIST_FILE = YES;
				INFOPLIST_KEY_UIApplicationSceneManifest_Generation = YES;
				INFOPLIST_KEY_UIApplicationSupportsIndirectInputEvents = YES;
				INFOPLIST_KEY_UILaunchScreen_Generation = YES;
				INFOPLIST_KEY_UISupportedInterfaceOrientations_iPad = "UIInterfaceOrientationPortrait UIInterfaceOrientationPortraitUpsideDown UIInterfaceOrientationLandscapeLeft UIInterfaceOrientationLandscapeRight";
				INFOPLIST_KEY_UISupportedInterfaceOrientations_iPhone = "UIInterfaceOrientationPortrait UIInterfaceOrientationLandscapeLeft UIInterfaceOrientationLandscapeRight";
				IPHONEOS_DEPLOYMENT_TARGET = 15.0;
				LD_RUNPATH_SEARCH_PATHS = (
					"$(inherited)",
					"@executable_path/Frameworks",
				);
				MARKETING_VERSION = 1.0;
				PRODUCT_BUNDLE_IDENTIFIER = SherryXu.KingsCup;
				PRODUCT_NAME = KingsCup;
				SDKROOT = iphoneos;
				SWIFT_EMIT_LOC_STRINGS = YES;
				SWIFT_VERSION = 5.0;
				TARGETED_DEVICE_FAMILY = "1,2";
				VALIDATE_PRODUCT = YES;
			};
			name = Release;
		};
		21145E12277AF537009342C5 /* Debug */ = {
			isa = XCBuildConfiguration;
			buildSettings = {
				ASSETCATALOG_COMPILER_APPICON_NAME = AppIcon;
				ASSETCATALOG_COMPILER_GLOBAL_ACCENT_COLOR_NAME = AccentColor;
				CODE_SIGN_ENTITLEMENTS = macOS/macOS.entitlements;
				CODE_SIGN_STYLE = Automatic;
				COMBINE_HIDPI_IMAGES = YES;
				CURRENT_PROJECT_VERSION = 1;
				DEVELOPMENT_TEAM = 6GGYHL3USS;
				ENABLE_HARDENED_RUNTIME = YES;
				ENABLE_PREVIEWS = YES;
				GENERATE_INFOPLIST_FILE = YES;
				INFOPLIST_KEY_NSHumanReadableCopyright = "";
				LD_RUNPATH_SEARCH_PATHS = (
					"$(inherited)",
					"@executable_path/../Frameworks",
				);
				MACOSX_DEPLOYMENT_TARGET = 12.0;
				MARKETING_VERSION = 1.0;
				PRODUCT_BUNDLE_IDENTIFIER = SherryXu.KingsCup;
				PRODUCT_NAME = KingsCup;
				SDKROOT = macosx;
				SWIFT_EMIT_LOC_STRINGS = YES;
				SWIFT_VERSION = 5.0;
			};
			name = Debug;
		};
		21145E13277AF537009342C5 /* Release */ = {
			isa = XCBuildConfiguration;
			buildSettings = {
				ASSETCATALOG_COMPILER_APPICON_NAME = AppIcon;
				ASSETCATALOG_COMPILER_GLOBAL_ACCENT_COLOR_NAME = AccentColor;
				CODE_SIGN_ENTITLEMENTS = macOS/macOS.entitlements;
				CODE_SIGN_STYLE = Automatic;
				COMBINE_HIDPI_IMAGES = YES;
				CURRENT_PROJECT_VERSION = 1;
				DEVELOPMENT_TEAM = 6GGYHL3USS;
				ENABLE_HARDENED_RUNTIME = YES;
				ENABLE_PREVIEWS = YES;
				GENERATE_INFOPLIST_FILE = YES;
				INFOPLIST_KEY_NSHumanReadableCopyright = "";
				LD_RUNPATH_SEARCH_PATHS = (
					"$(inherited)",
					"@executable_path/../Frameworks",
				);
				MACOSX_DEPLOYMENT_TARGET = 12.0;
				MARKETING_VERSION = 1.0;
				PRODUCT_BUNDLE_IDENTIFIER = SherryXu.KingsCup;
				PRODUCT_NAME = KingsCup;
				SDKROOT = macosx;
				SWIFT_EMIT_LOC_STRINGS = YES;
				SWIFT_VERSION = 5.0;
			};
			name = Release;
		};
/* End XCBuildConfiguration section */

/* Begin XCConfigurationList section */
		21145DF4277AF534009342C5 /* Build configuration list for PBXProject "KingsCup" */ = {
			isa = XCConfigurationList;
			buildConfigurations = (
				21145E0C277AF537009342C5 /* Debug */,
				21145E0D277AF537009342C5 /* Release */,
			);
			defaultConfigurationIsVisible = 0;
			defaultConfigurationName = Release;
		};
		21145E0E277AF537009342C5 /* Build configuration list for PBXNativeTarget "KingsCup (iOS)" */ = {
			isa = XCConfigurationList;
			buildConfigurations = (
				21145E0F277AF537009342C5 /* Debug */,
				21145E10277AF537009342C5 /* Release */,
			);
			defaultConfigurationIsVisible = 0;
			defaultConfigurationName = Release;
		};
		21145E11277AF537009342C5 /* Build configuration list for PBXNativeTarget "KingsCup (macOS)" */ = {
			isa = XCConfigurationList;
			buildConfigurations = (
				21145E12277AF537009342C5 /* Debug */,
				21145E13277AF537009342C5 /* Release */,
			);
			defaultConfigurationIsVisible = 0;
			defaultConfigurationName = Release;
		};
/* End XCConfigurationList section */
	};
	rootObject = 21145DF1277AF534009342C5 /* Project object */;
}
